<?xml version="1.0" encoding="utf-8"?>
<Project ToolsVersion="4.0" xmlns="http://schemas.microsoft.com/developer/msbuild/2003">
  <ItemGroup>
    <Filter Include="Source Files">
      <UniqueIdentifier>{4FC737F1-C7A5-4376-A066-2A32D752A2FF}</UniqueIdentifier>
      <Extensions>cpp;c;cc;cxx;def;odl;idl;hpj;bat;asm;asmx</Extensions>
    </Filter>
    <Filter Include="Header Files">
      <UniqueIdentifier>{93995380-89BD-4b04-88EB-625FBE52EBFB}</UniqueIdentifier>
      <Extensions>h;hpp;hxx;hm;inl;inc;xsd</Extensions>
    </Filter>
    <Filter Include="Resource Files">
      <UniqueIdentifier>{67DA6AB6-F800-4c08-8B7A-83BB121AAD01}</UniqueIdentifier>
      <Extensions>rc;ico;cur;bmp;dlg;rc2;rct;bin;rgs;gif;jpg;jpeg;jpe;resx;tiff;tif;png;wav;mfcribbon-ms</Extensions>
    </Filter>
  </ItemGroup>
  <ItemGroup>
    <ClInclude Include="..\Circuit.h">
      <Filter>Header Files</Filter>
    </ClInclude>
    <ClInclude Include="..\Types.h">
      <Filter>Header Files</Filter>
    </ClInclude>
    <ClInclude Include="..\CircuitMatrixMultiply.h">
      <Filter>Header Files</Filter>
    </ClInclude>
    <ClInclude Include="..\Field.h">
      <Filter>Header Files</Filter>
    </ClInclude>
    <ClInclude Include="..\Gate.h">
      <Filter>Header Files</Filter>
    </ClInclude>
    <ClInclude Include="..\Wire.h">
      <Filter>Header Files</Filter>
    </ClInclude>
    <ClInclude Include="..\GateMul2.h">
      <Filter>Header Files</Filter>
    </ClInclude>
    <ClInclude Include="..\GateAddN.h">
      <Filter>Header Files</Filter>
    </ClInclude>
    <ClInclude Include="..\Encoding.h">
      <Filter>Header Files</Filter>
    </ClInclude>
    <ClInclude Include="..\QAP.h">
      <Filter>Header Files</Filter>
    </ClInclude>
    <ClInclude Include="..\Keys.h">
      <Filter>Header Files</Filter>
    </ClInclude>
    <ClInclude Include="..\Proof.h">
      <Filter>Header Files</Filter>
    </ClInclude>
    <ClInclude Include="..\CircuitMul2.h">
      <Filter>Header Files</Filter>
    </ClInclude>
    <ClInclude Include="..\modfft.h">
      <Filter>Header Files</Filter>
    </ClInclude>
    <ClInclude Include="..\mod1.h">
      <Filter>Header Files</Filter>
    </ClInclude>
    <ClInclude Include="..\bigpriv.h">
      <Filter>Header Files</Filter>
    </ClInclude>
    <ClInclude Include="..\Poly.h">
      <Filter>Header Files</Filter>
    </ClInclude>
    <ClInclude Include="..\..\common\timer.h">
      <Filter>Header Files</Filter>
    </ClInclude>
    <ClInclude Include="..\BoolGate.h">
      <Filter>Header Files</Filter>
    </ClInclude>
    <ClInclude Include="..\BoolCircuit.h">
      <Filter>Header Files</Filter>
    </ClInclude>
    <ClInclude Include="..\BoolWire.h">
      <Filter>Header Files</Filter>
    </ClInclude>
    <ClInclude Include="..\CircuitBinaryAdder.h">
      <Filter>Header Files</Filter>
    </ClInclude>
    <ClInclude Include="..\QSP.h">
      <Filter>Header Files</Filter>
    </ClInclude>
    <ClInclude Include="..\BoolPoly.h">
      <Filter>Header Files</Filter>
    </ClInclude>
    <ClInclude Include="..\GateAddConst.h">
      <Filter>Header Files</Filter>
    </ClInclude>
    <ClInclude Include="..\GateMulConst.h">
      <Filter>Header Files</Filter>
    </ClInclude>
    <ClInclude Include="..\Network.h">
      <Filter>Header Files</Filter>
    </ClInclude>
    <ClInclude Include="..\GateBitSplitMany.h">
      <Filter>Header Files</Filter>
    </ClInclude>
    <ClInclude Include="..\..\wire-io.h">
      <Filter>Header Files</Filter>
    </ClInclude>
    <ClInclude Include="..\GateBitSel.h">
      <Filter>Header Files</Filter>
    </ClInclude>
    <ClInclude Include="..\Archive.h">
      <Filter>Header Files</Filter>
    </ClInclude>
    <ClInclude Include="..\Archiver.h">
      <Filter>Header Files</Filter>
    </ClInclude>
    <ClInclude Include="..\FileArchiver.h">
      <Filter>Header Files</Filter>
    </ClInclude>
    <ClInclude Include="..\GateBoolAND.h">
      <Filter>Header Files</Filter>
    </ClInclude>
    <ClInclude Include="..\GateBoolNAND.h">
      <Filter>Header Files</Filter>
    </ClInclude>
    <ClInclude Include="..\GateBoolOR.h">
      <Filter>Header Files</Filter>
    </ClInclude>
    <ClInclude Include="..\GateBoolXOR.h">
      <Filter>Header Files</Filter>
    </ClInclude>
    <ClInclude Include="..\PolyTree.h">
      <Filter>Header Files</Filter>
    </ClInclude>
    <ClInclude Include="..\Util.h">
      <Filter>Header Files</Filter>
    </ClInclude>
    <ClInclude Include="..\SparsePolynomial.h">
      <Filter>Header Files</Filter>
    </ClInclude>
  </ItemGroup>
  <ItemGroup>
    <ClCompile Include="..\Circuit.cpp">
      <Filter>Source Files</Filter>
    </ClCompile>
    <ClCompile Include="..\CircuitMatrixMultiply.cpp">
      <Filter>Source Files</Filter>
    </ClCompile>
    <ClCompile Include="..\test.cpp">
      <Filter>Source Files</Filter>
    </ClCompile>
    <ClCompile Include="..\GateMul2.cpp">
      <Filter>Source Files</Filter>
    </ClCompile>
    <ClCompile Include="..\GateAddN.cpp">
      <Filter>Source Files</Filter>
    </ClCompile>
    <ClCompile Include="..\Gate.cpp">
      <Filter>Source Files</Filter>
    </ClCompile>
    <ClCompile Include="..\Field.cpp">
      <Filter>Source Files</Filter>
    </ClCompile>
    <ClCompile Include="..\BignumDependencies.cpp">
      <Filter>Source Files</Filter>
    </ClCompile>
    <ClCompile Include="..\Encoding.cpp">
      <Filter>Source Files</Filter>
    </ClCompile>
    <ClCompile Include="..\QAP.cpp">
      <Filter>Source Files</Filter>
    </ClCompile>
    <ClCompile Include="..\Keys.cpp">
      <Filter>Source Files</Filter>
    </ClCompile>
    <ClCompile Include="..\CircuitMul2.cpp">
      <Filter>Source Files</Filter>
    </ClCompile>
    <ClCompile Include="..\modfft.c">
      <Filter>Source Files</Filter>
    </ClCompile>
    <ClCompile Include="..\mod1.c">
      <Filter>Source Files</Filter>
    </ClCompile>
    <ClCompile Include="..\Poly.cpp">
      <Filter>Source Files</Filter>
    </ClCompile>
    <ClCompile Include="..\..\common\timer.cpp">
      <Filter>Source Files</Filter>
    </ClCompile>
    <ClCompile Include="..\BoolCircuit.cpp">
      <Filter>Source Files</Filter>
    </ClCompile>
    <ClCompile Include="..\BoolGate.cpp">
      <Filter>Source Files</Filter>
    </ClCompile>
    <ClCompile Include="..\CircuitBinaryAdder.cpp">
      <Filter>Source Files</Filter>
    </ClCompile>
    <ClCompile Include="..\QSP.cpp">
      <Filter>Source Files</Filter>
    </ClCompile>
    <ClCompile Include="..\qsp-tests.cpp">
      <Filter>Source Files</Filter>
    </ClCompile>
    <ClCompile Include="..\GateAddConst.cpp">
      <Filter>Source Files</Filter>
    </ClCompile>
    <ClCompile Include="..\GateMulConst.cpp">
      <Filter>Source Files</Filter>
    </ClCompile>
    <ClCompile Include="..\main.cpp">
      <Filter>Source Files</Filter>
    </ClCompile>
    <ClCompile Include="..\Network.cpp">
      <Filter>Source Files</Filter>
    </ClCompile>
    <ClCompile Include="..\Proof.cpp">
      <Filter>Source Files</Filter>
    </ClCompile>
    <ClCompile Include="..\GateBitSplitMany.cpp">
      <Filter>Source Files</Filter>
    </ClCompile>
    <ClCompile Include="..\..\common\wire-io.c">
      <Filter>Source Files</Filter>
    </ClCompile>
    <ClCompile Include="..\GateBitSel.cpp">
      <Filter>Source Files</Filter>
    </ClCompile>
    <ClCompile Include="..\FileArchiver.cpp">
      <Filter>Source Files</Filter>
    </ClCompile>
    <ClCompile Include="..\GateBoolAND.cpp">
      <Filter>Source Files</Filter>
    </ClCompile>
    <ClCompile Include="..\GateBoolNAND.cpp">
      <Filter>Source Files</Filter>
    </ClCompile>
    <ClCompile Include="..\GateBoolOR.cpp">
      <Filter>Source Files</Filter>
    </ClCompile>
    <ClCompile Include="..\GateBoolXOR.cpp">
      <Filter>Source Files</Filter>
    </ClCompile>
    <ClCompile Include="..\PolyTree.cpp">
      <Filter>Source Files</Filter>
    </ClCompile>
    <ClCompile Include="..\Util.cpp">
      <Filter>Header Files</Filter>
    </ClCompile>
    <ClCompile Include="..\SparsePolynomial.cpp">
      <Filter>Source Files</Filter>
    </ClCompile>
  </ItemGroup>
</Project>
